// !$*UTF8*$!
{
	archiveVersion = 1;
	classes = {
	};
	objectVersion = 45;
	objects = {

/* Begin PBXBuildFile section */
		501980821292817C0021B273 /* bisegna.wav in Resources */ = {isa = PBXBuildFile; fileRef = 5019807B1292816D0021B273 /* bisegna.wav */; };
		501980831292817C0021B273 /* drama.wav in Resources */ = {isa = PBXBuildFile; fileRef = 5019807C129281730021B273 /* drama.wav */; };
		501980841292817C0021B273 /* foundry.wav in Resources */ = {isa = PBXBuildFile; fileRef = 5019807D129281740021B273 /* foundry.wav */; };
		501980851292817C0021B273 /* furnace.wav in Resources */ = {isa = PBXBuildFile; fileRef = 5019807E129281750021B273 /* furnace.wav */; };
		501980861292817C0021B273 /* kobus.wav in Resources */ = {isa = PBXBuildFile; fileRef = 5019807F1292817A0021B273 /* kobus.wav */; };
		501980871292817C0021B273 /* penka.wav in Resources */ = {isa = PBXBuildFile; fileRef = 501980801292817B0021B273 /* penka.wav */; };
		501980881292817C0021B273 /* sninsky.wav in Resources */ = {isa = PBXBuildFile; fileRef = 501980811292817C0021B273 /* sninsky.wav */; };
		501980891292817C0021B273 /* bisegna.wav in Resources */ = {isa = PBXBuildFile; fileRef = 5019807B1292816D0021B273 /* bisegna.wav */; };
		5019808A1292817C0021B273 /* drama.wav in Resources */ = {isa = PBXBuildFile; fileRef = 5019807C129281730021B273 /* drama.wav */; };
		5019808B1292817C0021B273 /* foundry.wav in Resources */ = {isa = PBXBuildFile; fileRef = 5019807D129281740021B273 /* foundry.wav */; };
		5019808C1292817C0021B273 /* furnace.wav in Resources */ = {isa = PBXBuildFile; fileRef = 5019807E129281750021B273 /* furnace.wav */; };
		5019808D1292817C0021B273 /* kobus.wav in Resources */ = {isa = PBXBuildFile; fileRef = 5019807F1292817A0021B273 /* kobus.wav */; };
		5019808E1292817C0021B273 /* penka.wav in Resources */ = {isa = PBXBuildFile; fileRef = 501980801292817B0021B273 /* penka.wav */; };
		5019808F1292817C0021B273 /* sninsky.wav in Resources */ = {isa = PBXBuildFile; fileRef = 501980811292817C0021B273 /* sninsky.wav */; };
		50564DF6128B7A180000CC7D /* SpiritRadioAppDelegate.m in Sources */ = {isa = PBXBuildFile; fileRef = 50564DF5128B7A180000CC7D /* SpiritRadioAppDelegate.m */; };
		50564F8E128B7D540000CC7D /* main.m in Sources */ = {isa = PBXBuildFile; fileRef = 50564DE9128B79930000CC7D /* main.m */; };
		50564F97128B7D800000CC7D /* SpiritRadioAppDelegate.m in Sources */ = {isa = PBXBuildFile; fileRef = 50564DF5128B7A180000CC7D /* SpiritRadioAppDelegate.m */; };
		50564FDF128B81200000CC7D /* SpiritRadioViewController.m in Sources */ = {isa = PBXBuildFile; fileRef = 50564FDE128B81200000CC7D /* SpiritRadioViewController.m */; };
		50564FE0128B81200000CC7D /* SpiritRadioViewController.m in Sources */ = {isa = PBXBuildFile; fileRef = 50564FDE128B81200000CC7D /* SpiritRadioViewController.m */; };
		50565020128B83B00000CC7D /* SpiritRadioAppDelegateSpec.m in Sources */ = {isa = PBXBuildFile; fileRef = 5056501E128B83B00000CC7D /* SpiritRadioAppDelegateSpec.m */; };
		50565189128B8F180000CC7D /* RadarView.m in Sources */ = {isa = PBXBuildFile; fileRef = 50565188128B8F180000CC7D /* RadarView.m */; };
		5056518A128B8F180000CC7D /* RadarView.m in Sources */ = {isa = PBXBuildFile; fileRef = 50565188128B8F180000CC7D /* RadarView.m */; };
		5056518C128B8F360000CC7D /* RadarViewSpec.m in Sources */ = {isa = PBXBuildFile; fileRef = 5056518B128B8F360000CC7D /* RadarViewSpec.m */; };
		505651BB128B915B0000CC7D /* QuartzCore.framework in Frameworks */ = {isa = PBXBuildFile; fileRef = 505651BA128B915B0000CC7D /* QuartzCore.framework */; };
		505652F0128B9C620000CC7D /* SpiritRadioViewControllerSpec.m in Sources */ = {isa = PBXBuildFile; fileRef = 505652EF128B9C620000CC7D /* SpiritRadioViewControllerSpec.m */; };
		50565385128B9FFB0000CC7D /* QuartzCore.framework in Frameworks */ = {isa = PBXBuildFile; fileRef = 505651BA128B915B0000CC7D /* QuartzCore.framework */; };
		5056542D128BAD700000CC7D /* radar.png in Resources */ = {isa = PBXBuildFile; fileRef = 5056542C128BAD700000CC7D /* radar.png */; };
		5056542E128BAD700000CC7D /* radar.png in Resources */ = {isa = PBXBuildFile; fileRef = 5056542C128BAD700000CC7D /* radar.png */; };
		505654D4128BB8DF0000CC7D /* background@2x.png in Resources */ = {isa = PBXBuildFile; fileRef = 505654D3128BB8DF0000CC7D /* background@2x.png */; };
		505654D5128BB8DF0000CC7D /* background@2x.png in Resources */ = {isa = PBXBuildFile; fileRef = 505654D3128BB8DF0000CC7D /* background@2x.png */; };
		505654EB128BBB550000CC7D /* icon@2x.png in Resources */ = {isa = PBXBuildFile; fileRef = 505654EA128BBB550000CC7D /* icon@2x.png */; };
		505654EC128BBB550000CC7D /* icon@2x.png in Resources */ = {isa = PBXBuildFile; fileRef = 505654EA128BBB550000CC7D /* icon@2x.png */; };
		505654F2128BBD5E0000CC7D /* CoreLocation.framework in Frameworks */ = {isa = PBXBuildFile; fileRef = 505654F1128BBD5E0000CC7D /* CoreLocation.framework */; };
		50565514128BC0D50000CC7D /* CoreGraphics.framework in Frameworks */ = {isa = PBXBuildFile; fileRef = 50565513128BC0D50000CC7D /* CoreGraphics.framework */; };
		50565580128BCE2E0000CC7D /* Default.png in Resources */ = {isa = PBXBuildFile; fileRef = 5056557F128BCE2E0000CC7D /* Default.png */; };
		50565581128BCE2E0000CC7D /* Default.png in Resources */ = {isa = PBXBuildFile; fileRef = 5056557F128BCE2E0000CC7D /* Default.png */; };
		50565585128BD3D70000CC7D /* noise_compressed.mp4 in Resources */ = {isa = PBXBuildFile; fileRef = 50565584128BD3D70000CC7D /* noise_compressed.mp4 */; };
		50565586128BD3D70000CC7D /* noise_compressed.mp4 in Resources */ = {isa = PBXBuildFile; fileRef = 50565584128BD3D70000CC7D /* noise_compressed.mp4 */; };
		50565588128BD4570000CC7D /* MediaPlayer.framework in Frameworks */ = {isa = PBXBuildFile; fileRef = 50565587128BD4570000CC7D /* MediaPlayer.framework */; };
		50565657128BDB920000CC7D /* OpenAL.framework in Frameworks */ = {isa = PBXBuildFile; fileRef = 50565656128BDB920000CC7D /* OpenAL.framework */; };
		50565679128BDCAF0000CC7D /* AVFoundation.framework in Frameworks */ = {isa = PBXBuildFile; fileRef = 50565678128BDCAF0000CC7D /* AVFoundation.framework */; };
		5056567D128BDCC60000CC7D /* AudioToolbox.framework in Frameworks */ = {isa = PBXBuildFile; fileRef = 5056567C128BDCC60000CC7D /* AudioToolbox.framework */; };
		505E9751128F5C750009690D /* dot.png in Resources */ = {isa = PBXBuildFile; fileRef = 505E9750128F5C750009690D /* dot.png */; };
		505E9752128F5C750009690D /* dot.png in Resources */ = {isa = PBXBuildFile; fileRef = 505E9750128F5C750009690D /* dot.png */; };
		505E99DF1290C6050009690D /* OpenAL.framework in Frameworks */ = {isa = PBXBuildFile; fileRef = 50565656128BDB920000CC7D /* OpenAL.framework */; };
		505E99E01290C6050009690D /* AVFoundation.framework in Frameworks */ = {isa = PBXBuildFile; fileRef = 50565678128BDCAF0000CC7D /* AVFoundation.framework */; };
		505E99E11290C6050009690D /* AudioToolbox.framework in Frameworks */ = {isa = PBXBuildFile; fileRef = 5056567C128BDCC60000CC7D /* AudioToolbox.framework */; };
		505E99EF1290C6110009690D /* CoreLocation.framework in Frameworks */ = {isa = PBXBuildFile; fileRef = 505654F1128BBD5E0000CC7D /* CoreLocation.framework */; };
		505E9A131290C61A0009690D /* CoreGraphics.framework in Frameworks */ = {isa = PBXBuildFile; fileRef = 50565513128BC0D50000CC7D /* CoreGraphics.framework */; };
		505E9A291290C6220009690D /* MediaPlayer.framework in Frameworks */ = {isa = PBXBuildFile; fileRef = 50565587128BD4570000CC7D /* MediaPlayer.framework */; };
		505E9C0912922E530009690D /* default_sources.plist in Resources */ = {isa = PBXBuildFile; fileRef = 505E9C0812922E530009690D /* default_sources.plist */; };
		505E9C0A12922E530009690D /* default_sources.plist in Resources */ = {isa = PBXBuildFile; fileRef = 505E9C0812922E530009690D /* default_sources.plist */; };
		505E9C5E1292350D0009690D /* demo_sources.plist in Resources */ = {isa = PBXBuildFile; fileRef = 505E9C5D1292350D0009690D /* demo_sources.plist */; };
		505E9C5F1292350D0009690D /* demo_sources.plist in Resources */ = {isa = PBXBuildFile; fileRef = 505E9C5D1292350D0009690D /* demo_sources.plist */; };
		506F85F01292956B0026B9E6 /* dance.wav in Resources */ = {isa = PBXBuildFile; fileRef = 506F85EE1292956B0026B9E6 /* dance.wav */; };
		506F85F11292956B0026B9E6 /* foundry2.wav in Resources */ = {isa = PBXBuildFile; fileRef = 506F85EF1292956B0026B9E6 /* foundry2.wav */; };
		506F85F21292956B0026B9E6 /* dance.wav in Resources */ = {isa = PBXBuildFile; fileRef = 506F85EE1292956B0026B9E6 /* dance.wav */; };
		506F85F31292956B0026B9E6 /* foundry2.wav in Resources */ = {isa = PBXBuildFile; fileRef = 506F85EF1292956B0026B9E6 /* foundry2.wav */; };
		506F85F5129298B70026B9E6 /* noiseWarning.png in Resources */ = {isa = PBXBuildFile; fileRef = 506F85F4129298B70026B9E6 /* noiseWarning.png */; };
		506F85F6129298B70026B9E6 /* noiseWarning.png in Resources */ = {isa = PBXBuildFile; fileRef = 506F85F4129298B70026B9E6 /* noiseWarning.png */; };
		506F86241292AF3C0026B9E6 /* foghorn.wav in Resources */ = {isa = PBXBuildFile; fileRef = 506F86231292AF3C0026B9E6 /* foghorn.wav */; };
		506F86251292AF3C0026B9E6 /* foghorn.wav in Resources */ = {isa = PBXBuildFile; fileRef = 506F86231292AF3C0026B9E6 /* foghorn.wav */; };
		507B43C714609267005532C7 /* OALAction.m in Sources */ = {isa = PBXBuildFile; fileRef = 507B438814609267005532C7 /* OALAction.m */; };
		507B43C814609267005532C7 /* OALAction.m in Sources */ = {isa = PBXBuildFile; fileRef = 507B438814609267005532C7 /* OALAction.m */; };
		507B43C914609267005532C7 /* OALActionManager.m in Sources */ = {isa = PBXBuildFile; fileRef = 507B438A14609267005532C7 /* OALActionManager.m */; };
		507B43CA14609267005532C7 /* OALActionManager.m in Sources */ = {isa = PBXBuildFile; fileRef = 507B438A14609267005532C7 /* OALActionManager.m */; };
		507B43CB14609267005532C7 /* OALAudioActions.m in Sources */ = {isa = PBXBuildFile; fileRef = 507B438C14609267005532C7 /* OALAudioActions.m */; };
		507B43CC14609267005532C7 /* OALAudioActions.m in Sources */ = {isa = PBXBuildFile; fileRef = 507B438C14609267005532C7 /* OALAudioActions.m */; };
		507B43CD14609267005532C7 /* OALFunction.m in Sources */ = {isa = PBXBuildFile; fileRef = 507B438E14609267005532C7 /* OALFunction.m */; };
		507B43CE14609267005532C7 /* OALFunction.m in Sources */ = {isa = PBXBuildFile; fileRef = 507B438E14609267005532C7 /* OALFunction.m */; };
		507B43CF14609267005532C7 /* OALUtilityActions.m in Sources */ = {isa = PBXBuildFile; fileRef = 507B439014609267005532C7 /* OALUtilityActions.m */; };
		507B43D014609267005532C7 /* OALUtilityActions.m in Sources */ = {isa = PBXBuildFile; fileRef = 507B439014609267005532C7 /* OALUtilityActions.m */; };
		507B43D114609267005532C7 /* OALAudioTrack.m in Sources */ = {isa = PBXBuildFile; fileRef = 507B439314609267005532C7 /* OALAudioTrack.m */; };
		507B43D214609267005532C7 /* OALAudioTrack.m in Sources */ = {isa = PBXBuildFile; fileRef = 507B439314609267005532C7 /* OALAudioTrack.m */; };
		507B43D314609267005532C7 /* OALAudioTrackNotifications.m in Sources */ = {isa = PBXBuildFile; fileRef = 507B439514609267005532C7 /* OALAudioTrackNotifications.m */; };
		507B43D414609267005532C7 /* OALAudioTrackNotifications.m in Sources */ = {isa = PBXBuildFile; fileRef = 507B439514609267005532C7 /* OALAudioTrackNotifications.m */; };
		507B43D514609267005532C7 /* OALAudioTracks.m in Sources */ = {isa = PBXBuildFile; fileRef = 507B439714609267005532C7 /* OALAudioTracks.m */; };
		507B43D614609267005532C7 /* OALAudioTracks.m in Sources */ = {isa = PBXBuildFile; fileRef = 507B439714609267005532C7 /* OALAudioTracks.m */; };
		507B43D714609267005532C7 /* LICENSE.ObjectAL.txt in Resources */ = {isa = PBXBuildFile; fileRef = 507B439814609267005532C7 /* LICENSE.ObjectAL.txt */; };
		507B43D814609267005532C7 /* LICENSE.ObjectAL.txt in Resources */ = {isa = PBXBuildFile; fileRef = 507B439814609267005532C7 /* LICENSE.ObjectAL.txt */; };
		507B43D914609267005532C7 /* OALSimpleAudio.m in Sources */ = {isa = PBXBuildFile; fileRef = 507B439A14609267005532C7 /* OALSimpleAudio.m */; };
		507B43DA14609267005532C7 /* OALSimpleAudio.m in Sources */ = {isa = PBXBuildFile; fileRef = 507B439A14609267005532C7 /* OALSimpleAudio.m */; };
		507B43DB14609267005532C7 /* ALBuffer.m in Sources */ = {isa = PBXBuildFile; fileRef = 507B439F14609267005532C7 /* ALBuffer.m */; };
		507B43DC14609267005532C7 /* ALBuffer.m in Sources */ = {isa = PBXBuildFile; fileRef = 507B439F14609267005532C7 /* ALBuffer.m */; };
		507B43DD14609267005532C7 /* ALCaptureDevice.m in Sources */ = {isa = PBXBuildFile; fileRef = 507B43A114609267005532C7 /* ALCaptureDevice.m */; };
		507B43DE14609267005532C7 /* ALCaptureDevice.m in Sources */ = {isa = PBXBuildFile; fileRef = 507B43A114609267005532C7 /* ALCaptureDevice.m */; };
		507B43DF14609267005532C7 /* ALChannelSource.m in Sources */ = {isa = PBXBuildFile; fileRef = 507B43A314609267005532C7 /* ALChannelSource.m */; };
		507B43E014609267005532C7 /* ALChannelSource.m in Sources */ = {isa = PBXBuildFile; fileRef = 507B43A314609267005532C7 /* ALChannelSource.m */; };
		507B43E114609267005532C7 /* ALContext.m in Sources */ = {isa = PBXBuildFile; fileRef = 507B43A514609267005532C7 /* ALContext.m */; };
		507B43E214609267005532C7 /* ALContext.m in Sources */ = {isa = PBXBuildFile; fileRef = 507B43A514609267005532C7 /* ALContext.m */; };
		507B43E314609267005532C7 /* ALDevice.m in Sources */ = {isa = PBXBuildFile; fileRef = 507B43A714609267005532C7 /* ALDevice.m */; };
		507B43E414609267005532C7 /* ALDevice.m in Sources */ = {isa = PBXBuildFile; fileRef = 507B43A714609267005532C7 /* ALDevice.m */; };
		507B43E514609267005532C7 /* ALListener.m in Sources */ = {isa = PBXBuildFile; fileRef = 507B43A914609267005532C7 /* ALListener.m */; };
		507B43E614609267005532C7 /* ALListener.m in Sources */ = {isa = PBXBuildFile; fileRef = 507B43A914609267005532C7 /* ALListener.m */; };
		507B43E714609267005532C7 /* ALSoundSourcePool.m in Sources */ = {isa = PBXBuildFile; fileRef = 507B43AC14609267005532C7 /* ALSoundSourcePool.m */; };
		507B43E814609267005532C7 /* ALSoundSourcePool.m in Sources */ = {isa = PBXBuildFile; fileRef = 507B43AC14609267005532C7 /* ALSoundSourcePool.m */; };
		507B43E914609267005532C7 /* ALSource.m in Sources */ = {isa = PBXBuildFile; fileRef = 507B43AE14609267005532C7 /* ALSource.m */; };
		507B43EA14609267005532C7 /* ALSource.m in Sources */ = {isa = PBXBuildFile; fileRef = 507B43AE14609267005532C7 /* ALSource.m */; };
		507B43EB14609267005532C7 /* ALWrapper.m in Sources */ = {isa = PBXBuildFile; fileRef = 507B43B114609267005532C7 /* ALWrapper.m */; };
		507B43EC14609267005532C7 /* ALWrapper.m in Sources */ = {isa = PBXBuildFile; fileRef = 507B43B114609267005532C7 /* ALWrapper.m */; };
		507B43ED14609267005532C7 /* OpenALManager.m in Sources */ = {isa = PBXBuildFile; fileRef = 507B43B314609267005532C7 /* OpenALManager.m */; };
		507B43EE14609267005532C7 /* OpenALManager.m in Sources */ = {isa = PBXBuildFile; fileRef = 507B43B314609267005532C7 /* OpenALManager.m */; };
		507B43EF14609267005532C7 /* OALAudioSession.m in Sources */ = {isa = PBXBuildFile; fileRef = 507B43B614609267005532C7 /* OALAudioSession.m */; };
		507B43F014609267005532C7 /* OALAudioSession.m in Sources */ = {isa = PBXBuildFile; fileRef = 507B43B614609267005532C7 /* OALAudioSession.m */; };
		507B43F114609267005532C7 /* OALSuspendHandler.m in Sources */ = {isa = PBXBuildFile; fileRef = 507B43B814609267005532C7 /* OALSuspendHandler.m */; };
		507B43F214609267005532C7 /* OALSuspendHandler.m in Sources */ = {isa = PBXBuildFile; fileRef = 507B43B814609267005532C7 /* OALSuspendHandler.m */; };
		507B43F314609267005532C7 /* IOSVersion.m in Sources */ = {isa = PBXBuildFile; fileRef = 507B43BB14609267005532C7 /* IOSVersion.m */; };
		507B43F414609267005532C7 /* IOSVersion.m in Sources */ = {isa = PBXBuildFile; fileRef = 507B43BB14609267005532C7 /* IOSVersion.m */; };
		507B43F514609267005532C7 /* mach_timing.c in Sources */ = {isa = PBXBuildFile; fileRef = 507B43BC14609267005532C7 /* mach_timing.c */; };
		507B43F614609267005532C7 /* mach_timing.c in Sources */ = {isa = PBXBuildFile; fileRef = 507B43BC14609267005532C7 /* mach_timing.c */; };
		507B43F714609267005532C7 /* NSMutableArray+WeakReferences.m in Sources */ = {isa = PBXBuildFile; fileRef = 507B43BF14609267005532C7 /* NSMutableArray+WeakReferences.m */; };
		507B43F814609267005532C7 /* NSMutableArray+WeakReferences.m in Sources */ = {isa = PBXBuildFile; fileRef = 507B43BF14609267005532C7 /* NSMutableArray+WeakReferences.m */; };
		507B43F914609267005532C7 /* OALAudioFile.m in Sources */ = {isa = PBXBuildFile; fileRef = 507B43C114609267005532C7 /* OALAudioFile.m */; };
		507B43FA14609267005532C7 /* OALAudioFile.m in Sources */ = {isa = PBXBuildFile; fileRef = 507B43C114609267005532C7 /* OALAudioFile.m */; };
		507B43FB14609267005532C7 /* OALTools.m in Sources */ = {isa = PBXBuildFile; fileRef = 507B43C414609267005532C7 /* OALTools.m */; };
		507B43FC14609267005532C7 /* OALTools.m in Sources */ = {isa = PBXBuildFile; fileRef = 507B43C414609267005532C7 /* OALTools.m */; };
		507B44071460941A005532C7 /* EWSoundBufferData.m in Sources */ = {isa = PBXBuildFile; fileRef = 507B43FE14609419005532C7 /* EWSoundBufferData.m */; };
		507B44081460941A005532C7 /* EWSoundListenerObject.m in Sources */ = {isa = PBXBuildFile; fileRef = 507B440014609419005532C7 /* EWSoundListenerObject.m */; };
		507B44091460941A005532C7 /* EWSoundSourceObject.m in Sources */ = {isa = PBXBuildFile; fileRef = 507B440214609419005532C7 /* EWSoundSourceObject.m */; };
		507B440A1460941A005532C7 /* EWSoundState.m in Sources */ = {isa = PBXBuildFile; fileRef = 507B44041460941A005532C7 /* EWSoundState.m */; };
		507B440B1460941A005532C7 /* EWStreamBufferData.m in Sources */ = {isa = PBXBuildFile; fileRef = 507B44061460941A005532C7 /* EWStreamBufferData.m */; };
		507B44121460946D005532C7 /* AudioSessionSupport.c in Sources */ = {isa = PBXBuildFile; fileRef = 507B440C1460946D005532C7 /* AudioSessionSupport.c */; };
		507B44131460946D005532C7 /* OpenALSoundController.m in Sources */ = {isa = PBXBuildFile; fileRef = 507B440F1460946D005532C7 /* OpenALSoundController.m */; };
		507B44141460946D005532C7 /* OpenALSupport.c in Sources */ = {isa = PBXBuildFile; fileRef = 507B44101460946D005532C7 /* OpenALSupport.c */; };
		50B93A17128C1F1600CBF2E1 /* static.wav in Resources */ = {isa = PBXBuildFile; fileRef = 50B93A16128C1F1600CBF2E1 /* static.wav */; };
		50B93A18128C1F1600CBF2E1 /* static.wav in Resources */ = {isa = PBXBuildFile; fileRef = 50B93A16128C1F1600CBF2E1 /* static.wav */; };
		AE26662B11EFB89800EE18BD /* MyModelSpec.m in Sources */ = {isa = PBXBuildFile; fileRef = AE26662A11EFB89800EE18BD /* MyModelSpec.m */; };
		AE26667711EFBAB100EE18BD /* Cedar-iPhone.framework in Frameworks */ = {isa = PBXBuildFile; fileRef = AE42792411EF992A00CFF331 /* Cedar-iPhone.framework */; };
		AE26667811EFBAB100EE18BD /* OCHamcrest-iPhone.framework in Frameworks */ = {isa = PBXBuildFile; fileRef = AE42794311EF997500CFF331 /* OCHamcrest-iPhone.framework */; };
		AE2667B211EFC2B000EE18BD /* OCMock-iPhone.framework in Frameworks */ = {isa = PBXBuildFile; fileRef = AE2667B111EFC2B000EE18BD /* OCMock-iPhone.framework */; };
		AE4277B711EF91AD00CFF331 /* OCHamcrest.framework in Frameworks */ = {isa = PBXBuildFile; fileRef = AE4277B611EF91AD00CFF331 /* OCHamcrest.framework */; };
		AE4277F911EF91FB00CFF331 /* OCMock.framework in Frameworks */ = {isa = PBXBuildFile; fileRef = AE4277F811EF91FB00CFF331 /* OCMock.framework */; };
		AE42780311EF921B00CFF331 /* Cedar.framework in Frameworks */ = {isa = PBXBuildFile; fileRef = AE42778911EF8FD600CFF331 /* Cedar.framework */; };
		AE42781011EF929700CFF331 /* Cedar.framework in CopyFiles */ = {isa = PBXBuildFile; fileRef = AE42778911EF8FD600CFF331 /* Cedar.framework */; };
		AE42781111EF929700CFF331 /* OCHamcrest.framework in CopyFiles */ = {isa = PBXBuildFile; fileRef = AE4277B611EF91AD00CFF331 /* OCHamcrest.framework */; };
		AE42781211EF929700CFF331 /* OCMock.framework in CopyFiles */ = {isa = PBXBuildFile; fileRef = AE4277F811EF91FB00CFF331 /* OCMock.framework */; };
		AE4279F511EFB7A000CFF331 /* main.m in Sources */ = {isa = PBXBuildFile; fileRef = AE4279F411EFB7A000CFF331 /* main.m */; };
		AE427A0711EFB82600CFF331 /* main.m in Sources */ = {isa = PBXBuildFile; fileRef = AE427A0611EFB82600CFF331 /* main.m */; };
/* End PBXBuildFile section */

/* Begin PBXCopyFilesBuildPhase section */
		AE42781311EF92B600CFF331 /* CopyFiles */ = {
			isa = PBXCopyFilesBuildPhase;
			buildActionMask = 2147483647;
			dstPath = "";
			dstSubfolderSpec = 10;
			files = (
				AE42781011EF929700CFF331 /* Cedar.framework in CopyFiles */,
				AE42781111EF929700CFF331 /* OCHamcrest.framework in CopyFiles */,
				AE42781211EF929700CFF331 /* OCMock.framework in CopyFiles */,
			);
			runOnlyForDeploymentPostprocessing = 0;
		};
/* End PBXCopyFilesBuildPhase section */

/* Begin PBXFileReference section */
		08FB779EFE84155DC02AAC07 /* Foundation.framework */ = {isa = PBXFileReference; lastKnownFileType = wrapper.framework; name = Foundation.framework; path = /System/Library/Frameworks/Foundation.framework; sourceTree = "<absolute>"; };
		32A70AAB03705E1F00C91783 /* Spirit_Radio_Prefix.pch */ = {isa = PBXFileReference; fileEncoding = 4; lastKnownFileType = sourcecode.c.h; path = Spirit_Radio_Prefix.pch; sourceTree = "<group>"; };
		5019807B1292816D0021B273 /* bisegna.wav */ = {isa = PBXFileReference; lastKnownFileType = audio.wav; path = bisegna.wav; sourceTree = "<group>"; };
		5019807C129281730021B273 /* drama.wav */ = {isa = PBXFileReference; lastKnownFileType = audio.wav; path = drama.wav; sourceTree = "<group>"; };
		5019807D129281740021B273 /* foundry.wav */ = {isa = PBXFileReference; lastKnownFileType = audio.wav; path = foundry.wav; sourceTree = "<group>"; };
		5019807E129281750021B273 /* furnace.wav */ = {isa = PBXFileReference; lastKnownFileType = audio.wav; path = furnace.wav; sourceTree = "<group>"; };
		5019807F1292817A0021B273 /* kobus.wav */ = {isa = PBXFileReference; lastKnownFileType = audio.wav; path = kobus.wav; sourceTree = "<group>"; };
		501980801292817B0021B273 /* penka.wav */ = {isa = PBXFileReference; lastKnownFileType = audio.wav; path = penka.wav; sourceTree = "<group>"; };
		501980811292817C0021B273 /* sninsky.wav */ = {isa = PBXFileReference; lastKnownFileType = audio.wav; path = sninsky.wav; sourceTree = "<group>"; };
		50564DE9128B79930000CC7D /* main.m */ = {isa = PBXFileReference; fileEncoding = 4; lastKnownFileType = sourcecode.c.objc; path = main.m; sourceTree = "<group>"; };
		50564DF4128B7A180000CC7D /* SpiritRadioAppDelegate.h */ = {isa = PBXFileReference; fileEncoding = 4; lastKnownFileType = sourcecode.c.h; path = SpiritRadioAppDelegate.h; sourceTree = "<group>"; };
		50564DF5128B7A180000CC7D /* SpiritRadioAppDelegate.m */ = {isa = PBXFileReference; fileEncoding = 4; lastKnownFileType = sourcecode.c.objc; path = SpiritRadioAppDelegate.m; sourceTree = "<group>"; };
		50564E2D128B7BBF0000CC7D /* Spirit Radio.app */ = {isa = PBXFileReference; explicitFileType = wrapper.application; includeInIndex = 0; path = "Spirit Radio.app"; sourceTree = BUILT_PRODUCTS_DIR; };
		50564E2F128B7BC00000CC7D /* Spirit Radio-Info.plist */ = {isa = PBXFileReference; lastKnownFileType = text.plist.xml; path = "Spirit Radio-Info.plist"; sourceTree = "<group>"; };
		50564FDD128B81200000CC7D /* SpiritRadioViewController.h */ = {isa = PBXFileReference; fileEncoding = 4; lastKnownFileType = sourcecode.c.h; path = SpiritRadioViewController.h; sourceTree = "<group>"; };
		50564FDE128B81200000CC7D /* SpiritRadioViewController.m */ = {isa = PBXFileReference; fileEncoding = 4; lastKnownFileType = sourcecode.c.objc; path = SpiritRadioViewController.m; sourceTree = "<group>"; };
		5056501E128B83B00000CC7D /* SpiritRadioAppDelegateSpec.m */ = {isa = PBXFileReference; fileEncoding = 4; lastKnownFileType = sourcecode.c.objc; path = SpiritRadioAppDelegateSpec.m; sourceTree = "<group>"; };
		50565187128B8F180000CC7D /* RadarView.h */ = {isa = PBXFileReference; fileEncoding = 4; lastKnownFileType = sourcecode.c.h; path = RadarView.h; sourceTree = "<group>"; };
		50565188128B8F180000CC7D /* RadarView.m */ = {isa = PBXFileReference; fileEncoding = 4; lastKnownFileType = sourcecode.c.objc; path = RadarView.m; sourceTree = "<group>"; };
		5056518B128B8F360000CC7D /* RadarViewSpec.m */ = {isa = PBXFileReference; fileEncoding = 4; lastKnownFileType = sourcecode.c.objc; path = RadarViewSpec.m; sourceTree = "<group>"; };
		505651BA128B915B0000CC7D /* QuartzCore.framework */ = {isa = PBXFileReference; lastKnownFileType = wrapper.framework; name = QuartzCore.framework; path = System/Library/Frameworks/QuartzCore.framework; sourceTree = SDKROOT; };
		505652EF128B9C620000CC7D /* SpiritRadioViewControllerSpec.m */ = {isa = PBXFileReference; fileEncoding = 4; lastKnownFileType = sourcecode.c.objc; path = SpiritRadioViewControllerSpec.m; sourceTree = "<group>"; };
		5056542C128BAD700000CC7D /* radar.png */ = {isa = PBXFileReference; lastKnownFileType = image.png; path = radar.png; sourceTree = "<group>"; };
		505654D3128BB8DF0000CC7D /* background@2x.png */ = {isa = PBXFileReference; lastKnownFileType = image.png; path = "background@2x.png"; sourceTree = "<group>"; };
		505654EA128BBB550000CC7D /* icon@2x.png */ = {isa = PBXFileReference; lastKnownFileType = image.png; path = "icon@2x.png"; sourceTree = "<group>"; };
		505654F1128BBD5E0000CC7D /* CoreLocation.framework */ = {isa = PBXFileReference; lastKnownFileType = wrapper.framework; name = CoreLocation.framework; path = System/Library/Frameworks/CoreLocation.framework; sourceTree = SDKROOT; };
		50565513128BC0D50000CC7D /* CoreGraphics.framework */ = {isa = PBXFileReference; lastKnownFileType = wrapper.framework; name = CoreGraphics.framework; path = System/Library/Frameworks/CoreGraphics.framework; sourceTree = SDKROOT; };
		5056557F128BCE2E0000CC7D /* Default.png */ = {isa = PBXFileReference; lastKnownFileType = image.png; path = Default.png; sourceTree = "<group>"; };
		50565584128BD3D70000CC7D /* noise_compressed.mp4 */ = {isa = PBXFileReference; lastKnownFileType = file; path = noise_compressed.mp4; sourceTree = "<group>"; };
		50565587128BD4570000CC7D /* MediaPlayer.framework */ = {isa = PBXFileReference; lastKnownFileType = wrapper.framework; name = MediaPlayer.framework; path = System/Library/Frameworks/MediaPlayer.framework; sourceTree = SDKROOT; };
		50565656128BDB920000CC7D /* OpenAL.framework */ = {isa = PBXFileReference; lastKnownFileType = wrapper.framework; name = OpenAL.framework; path = System/Library/Frameworks/OpenAL.framework; sourceTree = SDKROOT; };
		50565678128BDCAF0000CC7D /* AVFoundation.framework */ = {isa = PBXFileReference; lastKnownFileType = wrapper.framework; name = AVFoundation.framework; path = System/Library/Frameworks/AVFoundation.framework; sourceTree = SDKROOT; };
		5056567C128BDCC60000CC7D /* AudioToolbox.framework */ = {isa = PBXFileReference; lastKnownFileType = wrapper.framework; name = AudioToolbox.framework; path = System/Library/Frameworks/AudioToolbox.framework; sourceTree = SDKROOT; };
		505E9750128F5C750009690D /* dot.png */ = {isa = PBXFileReference; lastKnownFileType = image.png; path = dot.png; sourceTree = "<group>"; };
		505E9C0812922E530009690D /* default_sources.plist */ = {isa = PBXFileReference; fileEncoding = 4; lastKnownFileType = text.plist; path = default_sources.plist; sourceTree = "<group>"; };
		505E9C5D1292350D0009690D /* demo_sources.plist */ = {isa = PBXFileReference; fileEncoding = 4; lastKnownFileType = text.plist; path = demo_sources.plist; sourceTree = "<group>"; };
		506F85EE1292956B0026B9E6 /* dance.wav */ = {isa = PBXFileReference; lastKnownFileType = audio.wav; path = dance.wav; sourceTree = "<group>"; };
		506F85EF1292956B0026B9E6 /* foundry2.wav */ = {isa = PBXFileReference; lastKnownFileType = audio.wav; path = foundry2.wav; sourceTree = "<group>"; };
		506F85F4129298B70026B9E6 /* noiseWarning.png */ = {isa = PBXFileReference; lastKnownFileType = image.png; path = noiseWarning.png; sourceTree = "<group>"; };
		506F86231292AF3C0026B9E6 /* foghorn.wav */ = {isa = PBXFileReference; lastKnownFileType = audio.wav; path = foghorn.wav; sourceTree = "<group>"; };
		507B438714609267005532C7 /* OALAction.h */ = {isa = PBXFileReference; fileEncoding = 4; lastKnownFileType = sourcecode.c.h; path = OALAction.h; sourceTree = "<group>"; };
		507B438814609267005532C7 /* OALAction.m */ = {isa = PBXFileReference; fileEncoding = 4; lastKnownFileType = sourcecode.c.objc; path = OALAction.m; sourceTree = "<group>"; };
		507B438914609267005532C7 /* OALActionManager.h */ = {isa = PBXFileReference; fileEncoding = 4; lastKnownFileType = sourcecode.c.h; path = OALActionManager.h; sourceTree = "<group>"; };
		507B438A14609267005532C7 /* OALActionManager.m */ = {isa = PBXFileReference; fileEncoding = 4; lastKnownFileType = sourcecode.c.objc; path = OALActionManager.m; sourceTree = "<group>"; };
		507B438B14609267005532C7 /* OALAudioActions.h */ = {isa = PBXFileReference; fileEncoding = 4; lastKnownFileType = sourcecode.c.h; path = OALAudioActions.h; sourceTree = "<group>"; };
		507B438C14609267005532C7 /* OALAudioActions.m */ = {isa = PBXFileReference; fileEncoding = 4; lastKnownFileType = sourcecode.c.objc; path = OALAudioActions.m; sourceTree = "<group>"; };
		507B438D14609267005532C7 /* OALFunction.h */ = {isa = PBXFileReference; fileEncoding = 4; lastKnownFileType = sourcecode.c.h; path = OALFunction.h; sourceTree = "<group>"; };
		507B438E14609267005532C7 /* OALFunction.m */ = {isa = PBXFileReference; fileEncoding = 4; lastKnownFileType = sourcecode.c.objc; path = OALFunction.m; sourceTree = "<group>"; };
		507B438F14609267005532C7 /* OALUtilityActions.h */ = {isa = PBXFileReference; fileEncoding = 4; lastKnownFileType = sourcecode.c.h; path = OALUtilityActions.h; sourceTree = "<group>"; };
		507B439014609267005532C7 /* OALUtilityActions.m */ = {isa = PBXFileReference; fileEncoding = 4; lastKnownFileType = sourcecode.c.objc; path = OALUtilityActions.m; sourceTree = "<group>"; };
		507B439214609267005532C7 /* OALAudioTrack.h */ = {isa = PBXFileReference; fileEncoding = 4; lastKnownFileType = sourcecode.c.h; path = OALAudioTrack.h; sourceTree = "<group>"; };
		507B439314609267005532C7 /* OALAudioTrack.m */ = {isa = PBXFileReference; fileEncoding = 4; lastKnownFileType = sourcecode.c.objc; path = OALAudioTrack.m; sourceTree = "<group>"; };
		507B439414609267005532C7 /* OALAudioTrackNotifications.h */ = {isa = PBXFileReference; fileEncoding = 4; lastKnownFileType = sourcecode.c.h; path = OALAudioTrackNotifications.h; sourceTree = "<group>"; };
		507B439514609267005532C7 /* OALAudioTrackNotifications.m */ = {isa = PBXFileReference; fileEncoding = 4; lastKnownFileType = sourcecode.c.objc; path = OALAudioTrackNotifications.m; sourceTree = "<group>"; };
		507B439614609267005532C7 /* OALAudioTracks.h */ = {isa = PBXFileReference; fileEncoding = 4; lastKnownFileType = sourcecode.c.h; path = OALAudioTracks.h; sourceTree = "<group>"; };
		507B439714609267005532C7 /* OALAudioTracks.m */ = {isa = PBXFileReference; fileEncoding = 4; lastKnownFileType = sourcecode.c.objc; path = OALAudioTracks.m; sourceTree = "<group>"; };
		507B439814609267005532C7 /* LICENSE.ObjectAL.txt */ = {isa = PBXFileReference; fileEncoding = 4; lastKnownFileType = text; path = LICENSE.ObjectAL.txt; sourceTree = "<group>"; };
		507B439914609267005532C7 /* OALSimpleAudio.h */ = {isa = PBXFileReference; fileEncoding = 4; lastKnownFileType = sourcecode.c.h; path = OALSimpleAudio.h; sourceTree = "<group>"; };
		507B439A14609267005532C7 /* OALSimpleAudio.m */ = {isa = PBXFileReference; fileEncoding = 4; lastKnownFileType = sourcecode.c.objc; path = OALSimpleAudio.m; sourceTree = "<group>"; };
		507B439B14609267005532C7 /* ObjectAL.h */ = {isa = PBXFileReference; fileEncoding = 4; lastKnownFileType = sourcecode.c.h; path = ObjectAL.h; sourceTree = "<group>"; };
		507B439C14609267005532C7 /* ObjectALConfig.h */ = {isa = PBXFileReference; fileEncoding = 4; lastKnownFileType = sourcecode.c.h; path = ObjectALConfig.h; sourceTree = "<group>"; };
		507B439E14609267005532C7 /* ALBuffer.h */ = {isa = PBXFileReference; fileEncoding = 4; lastKnownFileType = sourcecode.c.h; path = ALBuffer.h; sourceTree = "<group>"; };
		507B439F14609267005532C7 /* ALBuffer.m */ = {isa = PBXFileReference; fileEncoding = 4; lastKnownFileType = sourcecode.c.objc; path = ALBuffer.m; sourceTree = "<group>"; };
		507B43A014609267005532C7 /* ALCaptureDevice.h */ = {isa = PBXFileReference; fileEncoding = 4; lastKnownFileType = sourcecode.c.h; path = ALCaptureDevice.h; sourceTree = "<group>"; };
		507B43A114609267005532C7 /* ALCaptureDevice.m */ = {isa = PBXFileReference; fileEncoding = 4; lastKnownFileType = sourcecode.c.objc; path = ALCaptureDevice.m; sourceTree = "<group>"; };
		507B43A214609267005532C7 /* ALChannelSource.h */ = {isa = PBXFileReference; fileEncoding = 4; lastKnownFileType = sourcecode.c.h; path = ALChannelSource.h; sourceTree = "<group>"; };
		507B43A314609267005532C7 /* ALChannelSource.m */ = {isa = PBXFileReference; fileEncoding = 4; lastKnownFileType = sourcecode.c.objc; path = ALChannelSource.m; sourceTree = "<group>"; };
		507B43A414609267005532C7 /* ALContext.h */ = {isa = PBXFileReference; fileEncoding = 4; lastKnownFileType = sourcecode.c.h; path = ALContext.h; sourceTree = "<group>"; };
		507B43A514609267005532C7 /* ALContext.m */ = {isa = PBXFileReference; fileEncoding = 4; lastKnownFileType = sourcecode.c.objc; path = ALContext.m; sourceTree = "<group>"; };
		507B43A614609267005532C7 /* ALDevice.h */ = {isa = PBXFileReference; fileEncoding = 4; lastKnownFileType = sourcecode.c.h; path = ALDevice.h; sourceTree = "<group>"; };
		507B43A714609267005532C7 /* ALDevice.m */ = {isa = PBXFileReference; fileEncoding = 4; lastKnownFileType = sourcecode.c.objc; path = ALDevice.m; sourceTree = "<group>"; };
		507B43A814609267005532C7 /* ALListener.h */ = {isa = PBXFileReference; fileEncoding = 4; lastKnownFileType = sourcecode.c.h; path = ALListener.h; sourceTree = "<group>"; };
		507B43A914609267005532C7 /* ALListener.m */ = {isa = PBXFileReference; fileEncoding = 4; lastKnownFileType = sourcecode.c.objc; path = ALListener.m; sourceTree = "<group>"; };
		507B43AA14609267005532C7 /* ALSoundSource.h */ = {isa = PBXFileReference; fileEncoding = 4; lastKnownFileType = sourcecode.c.h; path = ALSoundSource.h; sourceTree = "<group>"; };
		507B43AB14609267005532C7 /* ALSoundSourcePool.h */ = {isa = PBXFileReference; fileEncoding = 4; lastKnownFileType = sourcecode.c.h; path = ALSoundSourcePool.h; sourceTree = "<group>"; };
		507B43AC14609267005532C7 /* ALSoundSourcePool.m */ = {isa = PBXFileReference; fileEncoding = 4; lastKnownFileType = sourcecode.c.objc; path = ALSoundSourcePool.m; sourceTree = "<group>"; };
		507B43AD14609267005532C7 /* ALSource.h */ = {isa = PBXFileReference; fileEncoding = 4; lastKnownFileType = sourcecode.c.h; path = ALSource.h; sourceTree = "<group>"; };
		507B43AE14609267005532C7 /* ALSource.m */ = {isa = PBXFileReference; fileEncoding = 4; lastKnownFileType = sourcecode.c.objc; path = ALSource.m; sourceTree = "<group>"; };
		507B43AF14609267005532C7 /* ALTypes.h */ = {isa = PBXFileReference; fileEncoding = 4; lastKnownFileType = sourcecode.c.h; path = ALTypes.h; sourceTree = "<group>"; };
		507B43B014609267005532C7 /* ALWrapper.h */ = {isa = PBXFileReference; fileEncoding = 4; lastKnownFileType = sourcecode.c.h; path = ALWrapper.h; sourceTree = "<group>"; };
		507B43B114609267005532C7 /* ALWrapper.m */ = {isa = PBXFileReference; fileEncoding = 4; lastKnownFileType = sourcecode.c.objc; path = ALWrapper.m; sourceTree = "<group>"; };
		507B43B214609267005532C7 /* OpenALManager.h */ = {isa = PBXFileReference; fileEncoding = 4; lastKnownFileType = sourcecode.c.h; path = OpenALManager.h; sourceTree = "<group>"; };
		507B43B314609267005532C7 /* OpenALManager.m */ = {isa = PBXFileReference; fileEncoding = 4; lastKnownFileType = sourcecode.c.objc; path = OpenALManager.m; sourceTree = "<group>"; };
		507B43B514609267005532C7 /* OALAudioSession.h */ = {isa = PBXFileReference; fileEncoding = 4; lastKnownFileType = sourcecode.c.h; path = OALAudioSession.h; sourceTree = "<group>"; };
		507B43B614609267005532C7 /* OALAudioSession.m */ = {isa = PBXFileReference; fileEncoding = 4; lastKnownFileType = sourcecode.c.objc; path = OALAudioSession.m; sourceTree = "<group>"; };
		507B43B714609267005532C7 /* OALSuspendHandler.h */ = {isa = PBXFileReference; fileEncoding = 4; lastKnownFileType = sourcecode.c.h; path = OALSuspendHandler.h; sourceTree = "<group>"; };
		507B43B814609267005532C7 /* OALSuspendHandler.m */ = {isa = PBXFileReference; fileEncoding = 4; lastKnownFileType = sourcecode.c.objc; path = OALSuspendHandler.m; sourceTree = "<group>"; };
		507B43BA14609267005532C7 /* IOSVersion.h */ = {isa = PBXFileReference; fileEncoding = 4; lastKnownFileType = sourcecode.c.h; path = IOSVersion.h; sourceTree = "<group>"; };
		507B43BB14609267005532C7 /* IOSVersion.m */ = {isa = PBXFileReference; fileEncoding = 4; lastKnownFileType = sourcecode.c.objc; path = IOSVersion.m; sourceTree = "<group>"; };
		507B43BC14609267005532C7 /* mach_timing.c */ = {isa = PBXFileReference; fileEncoding = 4; lastKnownFileType = sourcecode.c.c; path = mach_timing.c; sourceTree = "<group>"; };
		507B43BD14609267005532C7 /* mach_timing.h */ = {isa = PBXFileReference; fileEncoding = 4; lastKnownFileType = sourcecode.c.h; path = mach_timing.h; sourceTree = "<group>"; };
		507B43BE14609267005532C7 /* NSMutableArray+WeakReferences.h */ = {isa = PBXFileReference; fileEncoding = 4; lastKnownFileType = sourcecode.c.h; path = "NSMutableArray+WeakReferences.h"; sourceTree = "<group>"; };
		507B43BF14609267005532C7 /* NSMutableArray+WeakReferences.m */ = {isa = PBXFileReference; fileEncoding = 4; lastKnownFileType = sourcecode.c.objc; path = "NSMutableArray+WeakReferences.m"; sourceTree = "<group>"; };
		507B43C014609267005532C7 /* OALAudioFile.h */ = {isa = PBXFileReference; fileEncoding = 4; lastKnownFileType = sourcecode.c.h; path = OALAudioFile.h; sourceTree = "<group>"; };
		507B43C114609267005532C7 /* OALAudioFile.m */ = {isa = PBXFileReference; fileEncoding = 4; lastKnownFileType = sourcecode.c.objc; path = OALAudioFile.m; sourceTree = "<group>"; };
		507B43C214609267005532C7 /* OALNotifications.h */ = {isa = PBXFileReference; fileEncoding = 4; lastKnownFileType = sourcecode.c.h; path = OALNotifications.h; sourceTree = "<group>"; };
		507B43C314609267005532C7 /* OALTools.h */ = {isa = PBXFileReference; fileEncoding = 4; lastKnownFileType = sourcecode.c.h; path = OALTools.h; sourceTree = "<group>"; };
		507B43C414609267005532C7 /* OALTools.m */ = {isa = PBXFileReference; fileEncoding = 4; lastKnownFileType = sourcecode.c.objc; path = OALTools.m; sourceTree = "<group>"; };
		507B43C514609267005532C7 /* ObjectALMacros.h */ = {isa = PBXFileReference; fileEncoding = 4; lastKnownFileType = sourcecode.c.h; path = ObjectALMacros.h; sourceTree = "<group>"; };
		507B43C614609267005532C7 /* SynthesizeSingleton.h */ = {isa = PBXFileReference; fileEncoding = 4; lastKnownFileType = sourcecode.c.h; path = SynthesizeSingleton.h; sourceTree = "<group>"; };
		507B43FD14609419005532C7 /* EWSoundBufferData.h */ = {isa = PBXFileReference; fileEncoding = 4; lastKnownFileType = sourcecode.c.h; path = EWSoundBufferData.h; sourceTree = "<group>"; };
		507B43FE14609419005532C7 /* EWSoundBufferData.m */ = {isa = PBXFileReference; fileEncoding = 4; lastKnownFileType = sourcecode.c.objc; path = EWSoundBufferData.m; sourceTree = "<group>"; };
		507B43FF14609419005532C7 /* EWSoundListenerObject.h */ = {isa = PBXFileReference; fileEncoding = 4; lastKnownFileType = sourcecode.c.h; path = EWSoundListenerObject.h; sourceTree = "<group>"; };
		507B440014609419005532C7 /* EWSoundListenerObject.m */ = {isa = PBXFileReference; fileEncoding = 4; lastKnownFileType = sourcecode.c.objc; path = EWSoundListenerObject.m; sourceTree = "<group>"; };
		507B440114609419005532C7 /* EWSoundSourceObject.h */ = {isa = PBXFileReference; fileEncoding = 4; lastKnownFileType = sourcecode.c.h; path = EWSoundSourceObject.h; sourceTree = "<group>"; };
		507B440214609419005532C7 /* EWSoundSourceObject.m */ = {isa = PBXFileReference; fileEncoding = 4; lastKnownFileType = sourcecode.c.objc; path = EWSoundSourceObject.m; sourceTree = "<group>"; };
		507B440314609419005532C7 /* EWSoundState.h */ = {isa = PBXFileReference; fileEncoding = 4; lastKnownFileType = sourcecode.c.h; path = EWSoundState.h; sourceTree = "<group>"; };
		507B44041460941A005532C7 /* EWSoundState.m */ = {isa = PBXFileReference; fileEncoding = 4; lastKnownFileType = sourcecode.c.objc; path = EWSoundState.m; sourceTree = "<group>"; };
		507B44051460941A005532C7 /* EWStreamBufferData.h */ = {isa = PBXFileReference; fileEncoding = 4; lastKnownFileType = sourcecode.c.h; path = EWStreamBufferData.h; sourceTree = "<group>"; };
		507B44061460941A005532C7 /* EWStreamBufferData.m */ = {isa = PBXFileReference; fileEncoding = 4; lastKnownFileType = sourcecode.c.objc; path = EWStreamBufferData.m; sourceTree = "<group>"; };
		507B440C1460946D005532C7 /* AudioSessionSupport.c */ = {isa = PBXFileReference; fileEncoding = 4; lastKnownFileType = sourcecode.c.c; path = AudioSessionSupport.c; sourceTree = "<group>"; };
		507B440D1460946D005532C7 /* AudioSessionSupport.h */ = {isa = PBXFileReference; fileEncoding = 4; lastKnownFileType = sourcecode.c.h; path = AudioSessionSupport.h; sourceTree = "<group>"; };
		507B440E1460946D005532C7 /* OpenALSoundController.h */ = {isa = PBXFileReference; fileEncoding = 4; lastKnownFileType = sourcecode.c.h; path = OpenALSoundController.h; sourceTree = "<group>"; };
		507B440F1460946D005532C7 /* OpenALSoundController.m */ = {isa = PBXFileReference; fileEncoding = 4; lastKnownFileType = sourcecode.c.objc; path = OpenALSoundController.m; sourceTree = "<group>"; };
		507B44101460946D005532C7 /* OpenALSupport.c */ = {isa = PBXFileReference; fileEncoding = 4; lastKnownFileType = sourcecode.c.c; path = OpenALSupport.c; sourceTree = "<group>"; };
		507B44111460946D005532C7 /* OpenALSupport.h */ = {isa = PBXFileReference; fileEncoding = 4; lastKnownFileType = sourcecode.c.h; path = OpenALSupport.h; sourceTree = "<group>"; };
		50B93A16128C1F1600CBF2E1 /* static.wav */ = {isa = PBXFileReference; lastKnownFileType = audio.wav; path = static.wav; sourceTree = "<group>"; };
		AE26662A11EFB89800EE18BD /* MyModelSpec.m */ = {isa = PBXFileReference; fileEncoding = 4; lastKnownFileType = sourcecode.c.objc; path = MyModelSpec.m; sourceTree = "<group>"; };
		AE2667B111EFC2B000EE18BD /* OCMock-iPhone.framework */ = {isa = PBXFileReference; lastKnownFileType = wrapper.framework; path = "OCMock-iPhone.framework"; sourceTree = "<group>"; };
		AE42778911EF8FD600CFF331 /* Cedar.framework */ = {isa = PBXFileReference; lastKnownFileType = wrapper.framework; path = Cedar.framework; sourceTree = "<group>"; };
		AE4277AC11EF914F00CFF331 /* Specs */ = {isa = PBXFileReference; includeInIndex = 0; lastKnownFileType = "compiled.mach-o.executable"; path = Specs; sourceTree = BUILT_PRODUCTS_DIR; };
		AE4277B611EF91AD00CFF331 /* OCHamcrest.framework */ = {isa = PBXFileReference; lastKnownFileType = wrapper.framework; path = OCHamcrest.framework; sourceTree = "<group>"; };
		AE4277F811EF91FB00CFF331 /* OCMock.framework */ = {isa = PBXFileReference; lastKnownFileType = wrapper.framework; path = OCMock.framework; sourceTree = "<group>"; };
		AE42792411EF992A00CFF331 /* Cedar-iPhone.framework */ = {isa = PBXFileReference; lastKnownFileType = wrapper.framework; path = "Cedar-iPhone.framework"; sourceTree = "<group>"; };
		AE42794311EF997500CFF331 /* OCHamcrest-iPhone.framework */ = {isa = PBXFileReference; lastKnownFileType = wrapper.framework; path = "OCHamcrest-iPhone.framework"; sourceTree = "<group>"; };
		AE4279BA11EFB64F00CFF331 /* UISpecs.app */ = {isa = PBXFileReference; explicitFileType = wrapper.application; includeInIndex = 0; path = UISpecs.app; sourceTree = BUILT_PRODUCTS_DIR; };
		AE4279BC11EFB65000CFF331 /* UISpecs-Info.plist */ = {isa = PBXFileReference; lastKnownFileType = text.plist.xml; path = "UISpecs-Info.plist"; sourceTree = "<group>"; };
		AE4279F411EFB7A000CFF331 /* main.m */ = {isa = PBXFileReference; fileEncoding = 4; lastKnownFileType = sourcecode.c.objc; path = main.m; sourceTree = "<group>"; };
		AE427A0611EFB82600CFF331 /* main.m */ = {isa = PBXFileReference; fileEncoding = 4; lastKnownFileType = sourcecode.c.objc; path = main.m; sourceTree = "<group>"; };
/* End PBXFileReference section */

/* Begin PBXFrameworksBuildPhase section */
		50564E2B128B7BBF0000CC7D /* Frameworks */ = {
			isa = PBXFrameworksBuildPhase;
			buildActionMask = 2147483647;
			files = (
				505654F2128BBD5E0000CC7D /* CoreLocation.framework in Frameworks */,
				50565385128B9FFB0000CC7D /* QuartzCore.framework in Frameworks */,
				50565514128BC0D50000CC7D /* CoreGraphics.framework in Frameworks */,
				50565588128BD4570000CC7D /* MediaPlayer.framework in Frameworks */,
				50565657128BDB920000CC7D /* OpenAL.framework in Frameworks */,
				50565679128BDCAF0000CC7D /* AVFoundation.framework in Frameworks */,
				5056567D128BDCC60000CC7D /* AudioToolbox.framework in Frameworks */,
			);
			runOnlyForDeploymentPostprocessing = 0;
		};
		AE4277AA11EF914F00CFF331 /* Frameworks */ = {
			isa = PBXFrameworksBuildPhase;
			buildActionMask = 2147483647;
			files = (
				AE42780311EF921B00CFF331 /* Cedar.framework in Frameworks */,
				AE4277B711EF91AD00CFF331 /* OCHamcrest.framework in Frameworks */,
				AE4277F911EF91FB00CFF331 /* OCMock.framework in Frameworks */,
			);
			runOnlyForDeploymentPostprocessing = 0;
		};
		AE4279B811EFB64F00CFF331 /* Frameworks */ = {
			isa = PBXFrameworksBuildPhase;
			buildActionMask = 2147483647;
			files = (
				505E9A291290C6220009690D /* MediaPlayer.framework in Frameworks */,
				505E9A131290C61A0009690D /* CoreGraphics.framework in Frameworks */,
				505E99EF1290C6110009690D /* CoreLocation.framework in Frameworks */,
				505E99DF1290C6050009690D /* OpenAL.framework in Frameworks */,
				505E99E01290C6050009690D /* AVFoundation.framework in Frameworks */,
				505E99E11290C6050009690D /* AudioToolbox.framework in Frameworks */,
				AE26667711EFBAB100EE18BD /* Cedar-iPhone.framework in Frameworks */,
				AE26667811EFBAB100EE18BD /* OCHamcrest-iPhone.framework in Frameworks */,
				AE2667B211EFC2B000EE18BD /* OCMock-iPhone.framework in Frameworks */,
				505651BB128B915B0000CC7D /* QuartzCore.framework in Frameworks */,
			);
			runOnlyForDeploymentPostprocessing = 0;
		};
/* End PBXFrameworksBuildPhase section */

/* Begin PBXGroup section */
		08FB7794FE84155DC02AAC07 /* Spirit Radio */ = {
			isa = PBXGroup;
			children = (
				AE42775B11EF8C6700CFF331 /* App */,
				5056541E128BAD180000CC7D /* Resources */,
				AE42775E11EF8C6B00CFF331 /* Spec */,
				AE42778811EF8FD600CFF331 /* Externals */,
				1AB674ADFE9D54B511CA2CBB /* Products */,
			);
			name = "Spirit Radio";
			sourceTree = "<group>";
		};
		1AB674ADFE9D54B511CA2CBB /* Products */ = {
			isa = PBXGroup;
			children = (
				AE4277AC11EF914F00CFF331 /* Specs */,
				AE4279BA11EFB64F00CFF331 /* UISpecs.app */,
				50564E2D128B7BBF0000CC7D /* Spirit Radio.app */,
			);
			name = Products;
			sourceTree = "<group>";
		};
		50564DED128B79DA0000CC7D /* Application Delegates */ = {
			isa = PBXGroup;
			children = (
				50564DF4128B7A180000CC7D /* SpiritRadioAppDelegate.h */,
				50564DF5128B7A180000CC7D /* SpiritRadioAppDelegate.m */,
			);
			path = "Application Delegates";
			sourceTree = "<group>";
		};
		50565013128B83330000CC7D /* Application Delegates */ = {
			isa = PBXGroup;
			children = (
				5056501E128B83B00000CC7D /* SpiritRadioAppDelegateSpec.m */,
			);
			path = "Application Delegates";
			sourceTree = "<group>";
		};
		50565014128B833A0000CC7D /* View Controllers */ = {
			isa = PBXGroup;
			children = (
				50564FDD128B81200000CC7D /* SpiritRadioViewController.h */,
				50564FDE128B81200000CC7D /* SpiritRadioViewController.m */,
			);
			path = "View Controllers";
			sourceTree = "<group>";
		};
		505652EB128B9C3D0000CC7D /* View Controllers */ = {
			isa = PBXGroup;
			children = (
				505652EF128B9C620000CC7D /* SpiritRadioViewControllerSpec.m */,
			);
			path = "View Controllers";
			sourceTree = "<group>";
		};
		5056541E128BAD180000CC7D /* Resources */ = {
			isa = PBXGroup;
			children = (
				50565687128BDDB60000CC7D /* Audio */,
				50565425128BAD540000CC7D /* Images */,
				AE4279BC11EFB65000CFF331 /* UISpecs-Info.plist */,
				50564E2F128B7BC00000CC7D /* Spirit Radio-Info.plist */,
				505654EA128BBB550000CC7D /* icon@2x.png */,
				5056557F128BCE2E0000CC7D /* Default.png */,
				505E9C0812922E530009690D /* default_sources.plist */,
				505E9C5D1292350D0009690D /* demo_sources.plist */,
			);
			path = Resources;
			sourceTree = "<group>";
		};
		50565425128BAD540000CC7D /* Images */ = {
			isa = PBXGroup;
			children = (
				506F85F4129298B70026B9E6 /* noiseWarning.png */,
				505E9750128F5C750009690D /* dot.png */,
				50565584128BD3D70000CC7D /* noise_compressed.mp4 */,
				505654D3128BB8DF0000CC7D /* background@2x.png */,
				5056542C128BAD700000CC7D /* radar.png */,
			);
			path = Images;
			sourceTree = "<group>";
		};
		50565687128BDDB60000CC7D /* Audio */ = {
			isa = PBXGroup;
			children = (
				506F86231292AF3C0026B9E6 /* foghorn.wav */,
				506F85EE1292956B0026B9E6 /* dance.wav */,
				506F85EF1292956B0026B9E6 /* foundry2.wav */,
				5019807B1292816D0021B273 /* bisegna.wav */,
				5019807C129281730021B273 /* drama.wav */,
				5019807D129281740021B273 /* foundry.wav */,
				5019807E129281750021B273 /* furnace.wav */,
				5019807F1292817A0021B273 /* kobus.wav */,
				501980801292817B0021B273 /* penka.wav */,
				501980811292817C0021B273 /* sninsky.wav */,
				50B93A16128C1F1600CBF2E1 /* static.wav */,
			);
			path = Audio;
			sourceTree = "<group>";
		};
		507B438514609267005532C7 /* ObjectAL */ = {
			isa = PBXGroup;
			children = (
				507B438614609267005532C7 /* Actions */,
				507B439114609267005532C7 /* AudioTrack */,
				507B439814609267005532C7 /* LICENSE.ObjectAL.txt */,
				507B439914609267005532C7 /* OALSimpleAudio.h */,
				507B439A14609267005532C7 /* OALSimpleAudio.m */,
				507B439B14609267005532C7 /* ObjectAL.h */,
				507B439C14609267005532C7 /* ObjectALConfig.h */,
				507B439D14609267005532C7 /* OpenAL */,
				507B43B414609267005532C7 /* Session */,
				507B43B914609267005532C7 /* Support */,
			);
			name = ObjectAL;
			path = "../../../../Downloads/kstenerud-ObjectAL-for-iPhone-46f1b09/libs/ObjectAL";
			sourceTree = "<group>";
		};
		507B438614609267005532C7 /* Actions */ = {
			isa = PBXGroup;
			children = (
				507B438714609267005532C7 /* OALAction.h */,
				507B438814609267005532C7 /* OALAction.m */,
				507B438914609267005532C7 /* OALActionManager.h */,
				507B438A14609267005532C7 /* OALActionManager.m */,
				507B438B14609267005532C7 /* OALAudioActions.h */,
				507B438C14609267005532C7 /* OALAudioActions.m */,
				507B438D14609267005532C7 /* OALFunction.h */,
				507B438E14609267005532C7 /* OALFunction.m */,
				507B438F14609267005532C7 /* OALUtilityActions.h */,
				507B439014609267005532C7 /* OALUtilityActions.m */,
			);
			path = Actions;
			sourceTree = "<group>";
		};
		507B439114609267005532C7 /* AudioTrack */ = {
			isa = PBXGroup;
			children = (
				507B439214609267005532C7 /* OALAudioTrack.h */,
				507B439314609267005532C7 /* OALAudioTrack.m */,
				507B439414609267005532C7 /* OALAudioTrackNotifications.h */,
				507B439514609267005532C7 /* OALAudioTrackNotifications.m */,
				507B439614609267005532C7 /* OALAudioTracks.h */,
				507B439714609267005532C7 /* OALAudioTracks.m */,
			);
			path = AudioTrack;
			sourceTree = "<group>";
		};
		507B439D14609267005532C7 /* OpenAL */ = {
			isa = PBXGroup;
			children = (
				507B439E14609267005532C7 /* ALBuffer.h */,
				507B439F14609267005532C7 /* ALBuffer.m */,
				507B43A014609267005532C7 /* ALCaptureDevice.h */,
				507B43A114609267005532C7 /* ALCaptureDevice.m */,
				507B43A214609267005532C7 /* ALChannelSource.h */,
				507B43A314609267005532C7 /* ALChannelSource.m */,
				507B43A414609267005532C7 /* ALContext.h */,
				507B43A514609267005532C7 /* ALContext.m */,
				507B43A614609267005532C7 /* ALDevice.h */,
				507B43A714609267005532C7 /* ALDevice.m */,
				507B43A814609267005532C7 /* ALListener.h */,
				507B43A914609267005532C7 /* ALListener.m */,
				507B43AA14609267005532C7 /* ALSoundSource.h */,
				507B43AB14609267005532C7 /* ALSoundSourcePool.h */,
				507B43AC14609267005532C7 /* ALSoundSourcePool.m */,
				507B43AD14609267005532C7 /* ALSource.h */,
				507B43AE14609267005532C7 /* ALSource.m */,
				507B43AF14609267005532C7 /* ALTypes.h */,
				507B43B014609267005532C7 /* ALWrapper.h */,
				507B43B114609267005532C7 /* ALWrapper.m */,
				507B43B214609267005532C7 /* OpenALManager.h */,
				507B43B314609267005532C7 /* OpenALManager.m */,
			);
			path = OpenAL;
			sourceTree = "<group>";
		};
		507B43B414609267005532C7 /* Session */ = {
			isa = PBXGroup;
			children = (
				507B43B514609267005532C7 /* OALAudioSession.h */,
				507B43B614609267005532C7 /* OALAudioSession.m */,
				507B43B714609267005532C7 /* OALSuspendHandler.h */,
				507B43B814609267005532C7 /* OALSuspendHandler.m */,
			);
			path = Session;
			sourceTree = "<group>";
		};
		507B43B914609267005532C7 /* Support */ = {
			isa = PBXGroup;
			children = (
				507B43BA14609267005532C7 /* IOSVersion.h */,
				507B43BB14609267005532C7 /* IOSVersion.m */,
				507B43BC14609267005532C7 /* mach_timing.c */,
				507B43BD14609267005532C7 /* mach_timing.h */,
				507B43BE14609267005532C7 /* NSMutableArray+WeakReferences.h */,
				507B43BF14609267005532C7 /* NSMutableArray+WeakReferences.m */,
				507B43C014609267005532C7 /* OALAudioFile.h */,
				507B43C114609267005532C7 /* OALAudioFile.m */,
				507B43C214609267005532C7 /* OALNotifications.h */,
				507B43C314609267005532C7 /* OALTools.h */,
				507B43C414609267005532C7 /* OALTools.m */,
				507B43C514609267005532C7 /* ObjectALMacros.h */,
				507B43C614609267005532C7 /* SynthesizeSingleton.h */,
			);
			path = Support;
			sourceTree = "<group>";
		};
		AE26662C11EFB8B900EE18BD /* Domain */ = {
			isa = PBXGroup;
			children = (
				AE26662D11EFB8F900EE18BD /* Models */,
			);
			path = Domain;
			sourceTree = "<group>";
		};
		AE26662D11EFB8F900EE18BD /* Models */ = {
			isa = PBXGroup;
			children = (
			);
			path = Models;
			sourceTree = "<group>";
		};
		AE42775B11EF8C6700CFF331 /* App */ = {
			isa = PBXGroup;
			children = (
				507B440C1460946D005532C7 /* AudioSessionSupport.c */,
				507B440D1460946D005532C7 /* AudioSessionSupport.h */,
				507B440E1460946D005532C7 /* OpenALSoundController.h */,
				507B440F1460946D005532C7 /* OpenALSoundController.m */,
				507B44101460946D005532C7 /* OpenALSupport.c */,
				507B44111460946D005532C7 /* OpenALSupport.h */,
				507B43FD14609419005532C7 /* EWSoundBufferData.h */,
				507B43FE14609419005532C7 /* EWSoundBufferData.m */,
				507B43FF14609419005532C7 /* EWSoundListenerObject.h */,
				507B440014609419005532C7 /* EWSoundListenerObject.m */,
				507B440114609419005532C7 /* EWSoundSourceObject.h */,
				507B440214609419005532C7 /* EWSoundSourceObject.m */,
				507B440314609419005532C7 /* EWSoundState.h */,
				507B44041460941A005532C7 /* EWSoundState.m */,
				507B44051460941A005532C7 /* EWStreamBufferData.h */,
				507B44061460941A005532C7 /* EWStreamBufferData.m */,
				507B438514609267005532C7 /* ObjectAL */,
				50564DE9128B79930000CC7D /* main.m */,
				AE26662C11EFB8B900EE18BD /* Domain */,
				AE42797811EFB31C00CFF331 /* UI */,
				32A70AAB03705E1F00C91783 /* Spirit_Radio_Prefix.pch */,
			);
			path = App;
			sourceTree = "<group>";
		};
		AE42775E11EF8C6B00CFF331 /* Spec */ = {
			isa = PBXGroup;
			children = (
				AE4279F211EFB70300CFF331 /* Domain */,
				AE42797411EFB1D500CFF331 /* UI */,
			);
			path = Spec;
			sourceTree = "<group>";
		};
		AE42778811EF8FD600CFF331 /* Externals */ = {
			isa = PBXGroup;
			children = (
				AE2667B111EFC2B000EE18BD /* OCMock-iPhone.framework */,
				08FB779EFE84155DC02AAC07 /* Foundation.framework */,
				AE42778911EF8FD600CFF331 /* Cedar.framework */,
				AE4277B611EF91AD00CFF331 /* OCHamcrest.framework */,
				AE4277F811EF91FB00CFF331 /* OCMock.framework */,
				AE42792411EF992A00CFF331 /* Cedar-iPhone.framework */,
				AE42794311EF997500CFF331 /* OCHamcrest-iPhone.framework */,
				505651BA128B915B0000CC7D /* QuartzCore.framework */,
				505654F1128BBD5E0000CC7D /* CoreLocation.framework */,
				50565513128BC0D50000CC7D /* CoreGraphics.framework */,
				50565587128BD4570000CC7D /* MediaPlayer.framework */,
				50565656128BDB920000CC7D /* OpenAL.framework */,
				50565678128BDCAF0000CC7D /* AVFoundation.framework */,
				5056567C128BDCC60000CC7D /* AudioToolbox.framework */,
			);
			path = Externals;
			sourceTree = "<group>";
		};
		AE42797411EFB1D500CFF331 /* UI */ = {
			isa = PBXGroup;
			children = (
				505652EB128B9C3D0000CC7D /* View Controllers */,
				50565013128B83330000CC7D /* Application Delegates */,
				AE42797711EFB2FD00CFF331 /* Views */,
				AE4279F411EFB7A000CFF331 /* main.m */,
			);
			path = UI;
			sourceTree = "<group>";
		};
		AE42797711EFB2FD00CFF331 /* Views */ = {
			isa = PBXGroup;
			children = (
				5056518B128B8F360000CC7D /* RadarViewSpec.m */,
			);
			path = Views;
			sourceTree = "<group>";
		};
		AE42797811EFB31C00CFF331 /* UI */ = {
			isa = PBXGroup;
			children = (
				50565014128B833A0000CC7D /* View Controllers */,
				50564DED128B79DA0000CC7D /* Application Delegates */,
				AE42798111EFB3DC00CFF331 /* Views */,
			);
			path = UI;
			sourceTree = "<group>";
		};
		AE42798111EFB3DC00CFF331 /* Views */ = {
			isa = PBXGroup;
			children = (
				50565187128B8F180000CC7D /* RadarView.h */,
				50565188128B8F180000CC7D /* RadarView.m */,
			);
			path = Views;
			sourceTree = "<group>";
		};
		AE4279F211EFB70300CFF331 /* Domain */ = {
			isa = PBXGroup;
			children = (
				AE4279F311EFB72E00CFF331 /* Models */,
				AE427A0611EFB82600CFF331 /* main.m */,
			);
			path = Domain;
			sourceTree = "<group>";
		};
		AE4279F311EFB72E00CFF331 /* Models */ = {
			isa = PBXGroup;
			children = (
				AE26662A11EFB89800EE18BD /* MyModelSpec.m */,
			);
			path = Models;
			sourceTree = "<group>";
		};
/* End PBXGroup section */

/* Begin PBXNativeTarget section */
		50564E2C128B7BBF0000CC7D /* Spirit Radio */ = {
			isa = PBXNativeTarget;
			buildConfigurationList = 50564E32128B7BC10000CC7D /* Build configuration list for PBXNativeTarget "Spirit Radio" */;
			buildPhases = (
				50564E29128B7BBF0000CC7D /* Resources */,
				50564E2A128B7BBF0000CC7D /* Sources */,
				50564E2B128B7BBF0000CC7D /* Frameworks */,
			);
			buildRules = (
			);
			dependencies = (
			);
			name = "Spirit Radio";
			productName = "Spirit Radio";
			productReference = 50564E2D128B7BBF0000CC7D /* Spirit Radio.app */;
			productType = "com.apple.product-type.application";
		};
		AE4277AB11EF914F00CFF331 /* Specs */ = {
			isa = PBXNativeTarget;
			buildConfigurationList = AE4277B511EF918900CFF331 /* Build configuration list for PBXNativeTarget "Specs" */;
			buildPhases = (
				AE4277A911EF914F00CFF331 /* Sources */,
				AE4277AA11EF914F00CFF331 /* Frameworks */,
				AE42781311EF92B600CFF331 /* CopyFiles */,
			);
			buildRules = (
			);
			dependencies = (
			);
			name = Specs;
			productName = Specs;
			productReference = AE4277AC11EF914F00CFF331 /* Specs */;
			productType = "com.apple.product-type.tool";
		};
		AE4279B911EFB64F00CFF331 /* UISpecs */ = {
			isa = PBXNativeTarget;
			buildConfigurationList = AE4279BF11EFB65000CFF331 /* Build configuration list for PBXNativeTarget "UISpecs" */;
			buildPhases = (
				AE4279B611EFB64F00CFF331 /* Resources */,
				AE4279B711EFB64F00CFF331 /* Sources */,
				AE4279B811EFB64F00CFF331 /* Frameworks */,
			);
			buildRules = (
			);
			dependencies = (
			);
			name = UISpecs;
			productName = UISpecs;
			productReference = AE4279BA11EFB64F00CFF331 /* UISpecs.app */;
			productType = "com.apple.product-type.application";
		};
/* End PBXNativeTarget section */

/* Begin PBXProject section */
		08FB7793FE84155DC02AAC07 /* Project object */ = {
			isa = PBXProject;
			buildConfigurationList = 1DEB927808733DD40010E9CD /* Build configuration list for PBXProject "Spirit Radio" */;
			compatibilityVersion = "Xcode 3.1";
			developmentRegion = English;
			hasScannedForEncodings = 1;
			knownRegions = (
				English,
				Japanese,
				French,
				German,
			);
			mainGroup = 08FB7794FE84155DC02AAC07 /* Spirit Radio */;
			projectDirPath = "";
			projectRoot = "";
			targets = (
				AE4277AB11EF914F00CFF331 /* Specs */,
				AE4279B911EFB64F00CFF331 /* UISpecs */,
				50564E2C128B7BBF0000CC7D /* Spirit Radio */,
			);
		};
/* End PBXProject section */

/* Begin PBXResourcesBuildPhase section */
		50564E29128B7BBF0000CC7D /* Resources */ = {
			isa = PBXResourcesBuildPhase;
			buildActionMask = 2147483647;
			files = (
				5056542E128BAD700000CC7D /* radar.png in Resources */,
				505654D5128BB8DF0000CC7D /* background@2x.png in Resources */,
				505654EC128BBB550000CC7D /* icon@2x.png in Resources */,
				50565581128BCE2E0000CC7D /* Default.png in Resources */,
				50565586128BD3D70000CC7D /* noise_compressed.mp4 in Resources */,
				50B93A17128C1F1600CBF2E1 /* static.wav in Resources */,
				505E9751128F5C750009690D /* dot.png in Resources */,
				505E9C0A12922E530009690D /* default_sources.plist in Resources */,
				505E9C5F1292350D0009690D /* demo_sources.plist in Resources */,
				501980891292817C0021B273 /* bisegna.wav in Resources */,
				5019808A1292817C0021B273 /* drama.wav in Resources */,
				5019808B1292817C0021B273 /* foundry.wav in Resources */,
				5019808C1292817C0021B273 /* furnace.wav in Resources */,
				5019808D1292817C0021B273 /* kobus.wav in Resources */,
				5019808E1292817C0021B273 /* penka.wav in Resources */,
				5019808F1292817C0021B273 /* sninsky.wav in Resources */,
				506F85F21292956B0026B9E6 /* dance.wav in Resources */,
				506F85F31292956B0026B9E6 /* foundry2.wav in Resources */,
				506F85F6129298B70026B9E6 /* noiseWarning.png in Resources */,
				506F86251292AF3C0026B9E6 /* foghorn.wav in Resources */,
				507B43D814609267005532C7 /* LICENSE.ObjectAL.txt in Resources */,
			);
			runOnlyForDeploymentPostprocessing = 0;
		};
		AE4279B611EFB64F00CFF331 /* Resources */ = {
			isa = PBXResourcesBuildPhase;
			buildActionMask = 2147483647;
			files = (
				5056542D128BAD700000CC7D /* radar.png in Resources */,
				505654D4128BB8DF0000CC7D /* background@2x.png in Resources */,
				505654EB128BBB550000CC7D /* icon@2x.png in Resources */,
				50565580128BCE2E0000CC7D /* Default.png in Resources */,
				50565585128BD3D70000CC7D /* noise_compressed.mp4 in Resources */,
				50B93A18128C1F1600CBF2E1 /* static.wav in Resources */,
				505E9752128F5C750009690D /* dot.png in Resources */,
				505E9C0912922E530009690D /* default_sources.plist in Resources */,
				505E9C5E1292350D0009690D /* demo_sources.plist in Resources */,
				501980821292817C0021B273 /* bisegna.wav in Resources */,
				501980831292817C0021B273 /* drama.wav in Resources */,
				501980841292817C0021B273 /* foundry.wav in Resources */,
				501980851292817C0021B273 /* furnace.wav in Resources */,
				501980861292817C0021B273 /* kobus.wav in Resources */,
				501980871292817C0021B273 /* penka.wav in Resources */,
				501980881292817C0021B273 /* sninsky.wav in Resources */,
				506F85F01292956B0026B9E6 /* dance.wav in Resources */,
				506F85F11292956B0026B9E6 /* foundry2.wav in Resources */,
				506F85F5129298B70026B9E6 /* noiseWarning.png in Resources */,
				506F86241292AF3C0026B9E6 /* foghorn.wav in Resources */,
				507B43D714609267005532C7 /* LICENSE.ObjectAL.txt in Resources */,
			);
			runOnlyForDeploymentPostprocessing = 0;
		};
/* End PBXResourcesBuildPhase section */

/* Begin PBXSourcesBuildPhase section */
		50564E2A128B7BBF0000CC7D /* Sources */ = {
			isa = PBXSourcesBuildPhase;
			buildActionMask = 2147483647;
			files = (
				50564F97128B7D800000CC7D /* SpiritRadioAppDelegate.m in Sources */,
				50564F8E128B7D540000CC7D /* main.m in Sources */,
				50564FDF128B81200000CC7D /* SpiritRadioViewController.m in Sources */,
				50565189128B8F180000CC7D /* RadarView.m in Sources */,
				507B43C814609267005532C7 /* OALAction.m in Sources */,
				507B43CA14609267005532C7 /* OALActionManager.m in Sources */,
				507B43CC14609267005532C7 /* OALAudioActions.m in Sources */,
				507B43CE14609267005532C7 /* OALFunction.m in Sources */,
				507B43D014609267005532C7 /* OALUtilityActions.m in Sources */,
				507B43D214609267005532C7 /* OALAudioTrack.m in Sources */,
				507B43D414609267005532C7 /* OALAudioTrackNotifications.m in Sources */,
				507B43D614609267005532C7 /* OALAudioTracks.m in Sources */,
				507B43DA14609267005532C7 /* OALSimpleAudio.m in Sources */,
				507B43DC14609267005532C7 /* ALBuffer.m in Sources */,
				507B43DE14609267005532C7 /* ALCaptureDevice.m in Sources */,
				507B43E014609267005532C7 /* ALChannelSource.m in Sources */,
				507B43E214609267005532C7 /* ALContext.m in Sources */,
				507B43E414609267005532C7 /* ALDevice.m in Sources */,
				507B43E614609267005532C7 /* ALListener.m in Sources */,
				507B43E814609267005532C7 /* ALSoundSourcePool.m in Sources */,
				507B43EA14609267005532C7 /* ALSource.m in Sources */,
				507B43EC14609267005532C7 /* ALWrapper.m in Sources */,
				507B43EE14609267005532C7 /* OpenALManager.m in Sources */,
				507B43F014609267005532C7 /* OALAudioSession.m in Sources */,
				507B43F214609267005532C7 /* OALSuspendHandler.m in Sources */,
				507B43F414609267005532C7 /* IOSVersion.m in Sources */,
				507B43F614609267005532C7 /* mach_timing.c in Sources */,
				507B43F814609267005532C7 /* NSMutableArray+WeakReferences.m in Sources */,
				507B43FA14609267005532C7 /* OALAudioFile.m in Sources */,
				507B43FC14609267005532C7 /* OALTools.m in Sources */,
				507B44071460941A005532C7 /* EWSoundBufferData.m in Sources */,
				507B44081460941A005532C7 /* EWSoundListenerObject.m in Sources */,
				507B44091460941A005532C7 /* EWSoundSourceObject.m in Sources */,
				507B440A1460941A005532C7 /* EWSoundState.m in Sources */,
				507B440B1460941A005532C7 /* EWStreamBufferData.m in Sources */,
				507B44121460946D005532C7 /* AudioSessionSupport.c in Sources */,
				507B44131460946D005532C7 /* OpenALSoundController.m in Sources */,
				507B44141460946D005532C7 /* OpenALSupport.c in Sources */,
			);
			runOnlyForDeploymentPostprocessing = 0;
		};
		AE4277A911EF914F00CFF331 /* Sources */ = {
			isa = PBXSourcesBuildPhase;
			buildActionMask = 2147483647;
			files = (
				AE427A0711EFB82600CFF331 /* main.m in Sources */,
				AE26662B11EFB89800EE18BD /* MyModelSpec.m in Sources */,
			);
			runOnlyForDeploymentPostprocessing = 0;
		};
		AE4279B711EFB64F00CFF331 /* Sources */ = {
			isa = PBXSourcesBuildPhase;
			buildActionMask = 2147483647;
			files = (
				AE4279F511EFB7A000CFF331 /* main.m in Sources */,
				50564DF6128B7A180000CC7D /* SpiritRadioAppDelegate.m in Sources */,
				50564FE0128B81200000CC7D /* SpiritRadioViewController.m in Sources */,
				50565020128B83B00000CC7D /* SpiritRadioAppDelegateSpec.m in Sources */,
				5056518A128B8F180000CC7D /* RadarView.m in Sources */,
				5056518C128B8F360000CC7D /* RadarViewSpec.m in Sources */,
				505652F0128B9C620000CC7D /* SpiritRadioViewControllerSpec.m in Sources */,
				507B43C714609267005532C7 /* OALAction.m in Sources */,
				507B43C914609267005532C7 /* OALActionManager.m in Sources */,
				507B43CB14609267005532C7 /* OALAudioActions.m in Sources */,
				507B43CD14609267005532C7 /* OALFunction.m in Sources */,
				507B43CF14609267005532C7 /* OALUtilityActions.m in Sources */,
				507B43D114609267005532C7 /* OALAudioTrack.m in Sources */,
				507B43D314609267005532C7 /* OALAudioTrackNotifications.m in Sources */,
				507B43D514609267005532C7 /* OALAudioTracks.m in Sources */,
				507B43D914609267005532C7 /* OALSimpleAudio.m in Sources */,
				507B43DB14609267005532C7 /* ALBuffer.m in Sources */,
				507B43DD14609267005532C7 /* ALCaptureDevice.m in Sources */,
				507B43DF14609267005532C7 /* ALChannelSource.m in Sources */,
				507B43E114609267005532C7 /* ALContext.m in Sources */,
				507B43E314609267005532C7 /* ALDevice.m in Sources */,
				507B43E514609267005532C7 /* ALListener.m in Sources */,
				507B43E714609267005532C7 /* ALSoundSourcePool.m in Sources */,
				507B43E914609267005532C7 /* ALSource.m in Sources */,
				507B43EB14609267005532C7 /* ALWrapper.m in Sources */,
				507B43ED14609267005532C7 /* OpenALManager.m in Sources */,
				507B43EF14609267005532C7 /* OALAudioSession.m in Sources */,
				507B43F114609267005532C7 /* OALSuspendHandler.m in Sources */,
				507B43F314609267005532C7 /* IOSVersion.m in Sources */,
				507B43F514609267005532C7 /* mach_timing.c in Sources */,
				507B43F714609267005532C7 /* NSMutableArray+WeakReferences.m in Sources */,
				507B43F914609267005532C7 /* OALAudioFile.m in Sources */,
				507B43FB14609267005532C7 /* OALTools.m in Sources */,
			);
			runOnlyForDeploymentPostprocessing = 0;
		};
/* End PBXSourcesBuildPhase section */

/* Begin XCBuildConfiguration section */
		1DEB927908733DD40010E9CD /* Debug */ = {
			isa = XCBuildConfiguration;
			buildSettings = {
				ARCHS = "$(ARCHS_STANDARD_32_64_BIT)";
				GCC_C_LANGUAGE_STANDARD = c99;
				GCC_OPTIMIZATION_LEVEL = 0;
				GCC_WARN_ABOUT_RETURN_TYPE = YES;
				GCC_WARN_UNUSED_VARIABLE = YES;
				ONLY_ACTIVE_ARCH = YES;
				PREBINDING = NO;
				SDKROOT = iphoneos;
			};
			name = Debug;
		};
		1DEB927A08733DD40010E9CD /* Release */ = {
			isa = XCBuildConfiguration;
			buildSettings = {
				ARCHS = "$(ARCHS_STANDARD_32_64_BIT)";
				GCC_C_LANGUAGE_STANDARD = c99;
				GCC_WARN_ABOUT_RETURN_TYPE = YES;
				GCC_WARN_UNUSED_VARIABLE = YES;
				PREBINDING = NO;
				SDKROOT = macosx10.6;
			};
			name = Release;
		};
		50564E30128B7BC00000CC7D /* Debug */ = {
			isa = XCBuildConfiguration;
			buildSettings = {
				ALWAYS_SEARCH_USER_PATHS = NO;
				ARCHS = "$(ARCHS_STANDARD_32_BIT)";
				CODE_SIGN_IDENTITY = "iPhone Developer";
				COPY_PHASE_STRIP = NO;
				FRAMEWORK_SEARCH_PATHS = (
					"$(inherited)",
					"\"$(SRCROOT)/Externals\"",
				);
				GCC_DYNAMIC_NO_PIC = NO;
				GCC_OPTIMIZATION_LEVEL = 0;
				GCC_PRECOMPILE_PREFIX_HEADER = YES;
				GCC_PREFIX_HEADER = "$(SRCROOT)/App/Spirit_Radio_Prefix.pch";
				INFOPLIST_FILE = "$SRCROOT/Resources/Spirit Radio-Info.plist";
				IPHONEOS_DEPLOYMENT_TARGET = 4.0;
				OTHER_LDFLAGS = (
					"-framework",
					Foundation,
					"-framework",
					UIKit,
				);
				PREBINDING = NO;
				PRODUCT_NAME = "Spirit Radio";
				SDKROOT = iphoneos;
			};
			name = Debug;
		};
		50564E31128B7BC00000CC7D /* Release */ = {
			isa = XCBuildConfiguration;
			buildSettings = {
				ALWAYS_SEARCH_USER_PATHS = NO;
				CODE_SIGN_IDENTITY = "iPhone Developer";
				COPY_PHASE_STRIP = YES;
				DEBUG_INFORMATION_FORMAT = "dwarf-with-dsym";
				FRAMEWORK_SEARCH_PATHS = (
					"$(inherited)",
					"\"$(SRCROOT)/Externals\"",
				);
				GCC_ENABLE_FIX_AND_CONTINUE = NO;
				GCC_PRECOMPILE_PREFIX_HEADER = YES;
				GCC_PREFIX_HEADER = "$(SYSTEM_LIBRARY_DIR)/Frameworks/UIKit.framework/Headers/UIKit.h";
				INFOPLIST_FILE = "Spirit Radio-Info.plist";
				INSTALL_PATH = "$(HOME)/Applications";
				OTHER_LDFLAGS = (
					"-framework",
					Foundation,
					"-framework",
					UIKit,
				);
				PREBINDING = NO;
				PRODUCT_NAME = "Spirit Radio";
				SDKROOT = iphoneos;
				ZERO_LINK = NO;
			};
			name = Release;
		};
		AE4277AE11EF914F00CFF331 /* Debug */ = {
			isa = XCBuildConfiguration;
			buildSettings = {
				ALWAYS_SEARCH_USER_PATHS = NO;
				COPY_PHASE_STRIP = NO;
				FRAMEWORK_SEARCH_PATHS = (
					"$(inherited)",
					"\"$(SRCROOT)/Externals\"",
					"\"$(SRCROOT)\"",
				);
				GCC_DYNAMIC_NO_PIC = NO;
				GCC_ENABLE_FIX_AND_CONTINUE = YES;
				GCC_MODEL_TUNING = G5;
				GCC_OPTIMIZATION_LEVEL = 0;
				GCC_PRECOMPILE_PREFIX_HEADER = YES;
				GCC_PREFIX_HEADER = "";
				INSTALL_PATH = /usr/local/bin;
				OTHER_LDFLAGS = (
					"-framework",
					Foundation,
				);
				PREBINDING = NO;
				PRODUCT_NAME = Specs;
			};
			name = Debug;
		};
		AE4277AF11EF914F00CFF331 /* Release */ = {
			isa = XCBuildConfiguration;
			buildSettings = {
				ALWAYS_SEARCH_USER_PATHS = NO;
				COPY_PHASE_STRIP = YES;
				DEBUG_INFORMATION_FORMAT = "dwarf-with-dsym";
				FRAMEWORK_SEARCH_PATHS = (
					"$(inherited)",
					"\"$(SRCROOT)/Externals\"",
					"\"$(SRCROOT)\"",
				);
				GCC_ENABLE_FIX_AND_CONTINUE = NO;
				GCC_MODEL_TUNING = G5;
				GCC_PRECOMPILE_PREFIX_HEADER = YES;
				GCC_PREFIX_HEADER = "";
				INSTALL_PATH = /usr/local/bin;
				OTHER_LDFLAGS = (
					"-framework",
					Foundation,
				);
				PREBINDING = NO;
				PRODUCT_NAME = Specs;
				ZERO_LINK = NO;
			};
			name = Release;
		};
		AE4279BD11EFB65000CFF331 /* Debug */ = {
			isa = XCBuildConfiguration;
			buildSettings = {
				ALWAYS_SEARCH_USER_PATHS = NO;
				ARCHS = "$(ARCHS_STANDARD_32_BIT)";
				CODE_SIGN_IDENTITY = "iPhone Developer";
				COPY_PHASE_STRIP = NO;
				FRAMEWORK_SEARCH_PATHS = (
					"$(inherited)",
					"\"$(SRCROOT)/Externals\"",
				);
				GCC_DYNAMIC_NO_PIC = NO;
				GCC_OPTIMIZATION_LEVEL = 0;
				INFOPLIST_FILE = "$SRCROOT/Resources/UISpecs-Info.plist";
				INSTALL_PATH = "$(HOME)/Applications";
				IPHONEOS_DEPLOYMENT_TARGET = 4.0;
				OTHER_LDFLAGS = (
					"-ObjC",
					"-lstdc++",
					"-framework",
					Foundation,
					"-framework",
					UIKit,
				);
				PREBINDING = NO;
				PRODUCT_NAME = UISpecs;
				SDKROOT = iphoneos;
			};
			name = Debug;
		};
		AE4279BE11EFB65000CFF331 /* Release */ = {
			isa = XCBuildConfiguration;
			buildSettings = {
				ALWAYS_SEARCH_USER_PATHS = NO;
				ARCHS = "$(ARCHS_STANDARD_32_BIT)";
				CODE_SIGN_IDENTITY = "iPhone Developer";
				COPY_PHASE_STRIP = YES;
				DEBUG_INFORMATION_FORMAT = "dwarf-with-dsym";
				FRAMEWORK_SEARCH_PATHS = (
					"$(inherited)",
					"\"$(SRCROOT)/Externals\"",
				);
				GCC_ENABLE_FIX_AND_CONTINUE = NO;
				GCC_PRECOMPILE_PREFIX_HEADER = YES;
				GCC_PREFIX_HEADER = "$(SYSTEM_LIBRARY_DIR)/Frameworks/UIKit.framework/Headers/UIKit.h";
				INFOPLIST_FILE = "UISpecs-Info.plist";
				INSTALL_PATH = "$(HOME)/Applications";
				OTHER_LDFLAGS = (
					"-ObjC",
					"-lstdc++",
					"-framework",
					Foundation,
					"-framework",
					UIKit,
				);
				PREBINDING = NO;
				PRODUCT_NAME = UISpecs;
				SDKROOT = iphonesimulator4.0;
				ZERO_LINK = NO;
			};
			name = Release;
		};
/* End XCBuildConfiguration section */

/* Begin XCConfigurationList section */
		1DEB927808733DD40010E9CD /* Build configuration list for PBXProject "Spirit Radio" */ = {
			isa = XCConfigurationList;
			buildConfigurations = (
				1DEB927908733DD40010E9CD /* Debug */,
				1DEB927A08733DD40010E9CD /* Release */,
			);
			defaultConfigurationIsVisible = 0;
			defaultConfigurationName = Release;
		};
		50564E32128B7BC10000CC7D /* Build configuration list for PBXNativeTarget "Spirit Radio" */ = {
			isa = XCConfigurationList;
			buildConfigurations = (
				50564E30128B7BC00000CC7D /* Debug */,
				50564E31128B7BC00000CC7D /* Release */,
			);
			defaultConfigurationIsVisible = 0;
			defaultConfigurationName = Release;
		};
		AE4277B511EF918900CFF331 /* Build configuration list for PBXNativeTarget "Specs" */ = {
			isa = XCConfigurationList;
			buildConfigurations = (
				AE4277AE11EF914F00CFF331 /* Debug */,
				AE4277AF11EF914F00CFF331 /* Release */,
			);
			defaultConfigurationIsVisible = 0;
			defaultConfigurationName = Release;
		};
		AE4279BF11EFB65000CFF331 /* Build configuration list for PBXNativeTarget "UISpecs" */ = {
			isa = XCConfigurationList;
			buildConfigurations = (
				AE4279BD11EFB65000CFF331 /* Debug */,
				AE4279BE11EFB65000CFF331 /* Release */,
			);
			defaultConfigurationIsVisible = 0;
			defaultConfigurationName = Release;
		};
/* End XCConfigurationList section */
	};
	rootObject = 08FB7793FE84155DC02AAC07 /* Project object */;
}
